
Microsoft Visual Studio Solution File, Format Version 12.00
# Visual Studio 15
VisualStudioVersion = 15.0.28307.779
MinimumVisualStudioVersion = 10.0.40219.1
Project("{9A19103F-16F7-4668-BE54-9A1E7A4F7556}") = "RizumuBotApp", "RizumuBotApp\RizumuBotApp.csproj", "{EE17B331-650D-45E4-BB2A-F50A951276ED}"
EndProject
Project("{FAE04EC0-301F-11D3-BF4B-00C04F79EFBC}") = "RizumuBot.Model", "RizumuBot.Model\RizumuBot.Model.csproj", "{861F82AC-0777-4DE2-A323-03723037E5B8}"
EndProject
Project("{FAE04EC0-301F-11D3-BF4B-00C04F79EFBC}") = "RizumuBot.Data", "RizumuBot.Data\RizumuBot.Data.csproj", "{32CEEDE0-5A89-41AE-98F7-77E0A5352A86}"
EndProject
Global
	GlobalSection(SolutionConfigurationPlatforms) = preSolution
		Debug|Any CPU = Debug|Any CPU
		Release|Any CPU = Release|Any CPU
	EndGlobalSection
	GlobalSection(ProjectConfigurationPlatforms) = postSolution
		{EE17B331-650D-45E4-BB2A-F50A951276ED}.Debug|Any CPU.ActiveCfg = Debug|Any CPU
		{EE17B331-650D-45E4-BB2A-F50A951276ED}.Debug|Any CPU.Build.0 = Debug|Any CPU
		{EE17B331-650D-45E4-BB2A-F50A951276ED}.Release|Any CPU.ActiveCfg = Release|Any CPU
		{EE17B331-650D-45E4-BB2A-F50A951276ED}.Release|Any CPU.Build.0 = Release|Any CPU
		{861F82AC-0777-4DE2-A323-03723037E5B8}.Debug|Any CPU.ActiveCfg = Debug|Any CPU
		{861F82AC-0777-4DE2-A323-03723037E5B8}.Debug|Any CPU.Build.0 = Debug|Any CPU
		{861F82AC-0777-4DE2-A323-03723037E5B8}.Release|Any CPU.ActiveCfg = Release|Any CPU
		{861F82AC-0777-4DE2-A323-03723037E5B8}.Release|Any CPU.Build.0 = Release|Any CPU
		{32CEEDE0-5A89-41AE-98F7-77E0A5352A86}.Debug|Any CPU.ActiveCfg = Debug|Any CPU
		{32CEEDE0-5A89-41AE-98F7-77E0A5352A86}.Debug|Any CPU.Build.0 = Debug|Any CPU
		{32CEEDE0-5A89-41AE-98F7-77E0A5352A86}.Release|Any CPU.ActiveCfg = Release|Any CPU
		{32CEEDE0-5A89-41AE-98F7-77E0A5352A86}.Release|Any CPU.Build.0 = Release|Any CPU
	EndGlobalSection
	GlobalSection(SolutionProperties) = preSolution
		HideSolutionNode = FALSE
	EndGlobalSection
	GlobalSection(ExtensibilityGlobals) = postSolution
		SolutionGuid = {5C9474CE-19BB-44CE-8EC4-4854D70F06C3}
	EndGlobalSection
EndGlobal
